
Microsoft Visual Studio Solution File, Format Version 12.00
# Visual Studio Version 16
VisualStudioVersion = 16.0.31313.79
MinimumVisualStudioVersion = 10.0.40219.1
Project("{9A19103F-16F7-4668-BE54-9A1E7A4F7556}") = "ResumeMaker", "ResumeMaker\ResumeMaker.csproj", "{0008398F-F1D3-4690-ACB0-B5D5698A1858}"
EndProject
Global
	GlobalSection(SolutionConfigurationPlatforms) = preSolution
		Debug|Any CPU = Debug|Any CPU
		Release|Any CPU = Release|Any CPU
	EndGlobalSection
	GlobalSection(ProjectConfigurationPlatforms) = postSolution
		{0008398F-F1D3-4690-ACB0-B5D5698A1858}.Debug|Any CPU.ActiveCfg = Debug|Any CPU
		{0008398F-F1D3-4690-ACB0-B5D5698A1858}.Debug|Any CPU.Build.0 = Debug|Any CPU
		{0008398F-F1D3-4690-ACB0-B5D5698A1858}.Release|Any CPU.ActiveCfg = Release|Any CPU
		{0008398F-F1D3-4690-ACB0-B5D5698A1858}.Release|Any CPU.Build.0 = Release|Any CPU
	EndGlobalSection
	GlobalSection(SolutionProperties) = preSolution
		HideSolutionNode = FALSE
	EndGlobalSection
	GlobalSection(ExtensibilityGlobals) = postSolution
		SolutionGuid = {001376B0-EA9A-4159-A541-25A62C1CB130}
	EndGlobalSection
EndGlobal
